{
  "nodes": {
    "nixpkgs": {
      "locked": {
        "lastModified": 1787814960,
        "narHash": "sha256-PYZq1qzCJXC2zGI0mH07vrZBsw6DRBAOX0jN1pPtqOQ=",
        "owner": "NixOS",
        "repo": "nixpkgs",
        "rev": "c27cdad491a991b11ed731760aa2ef8db0cb0410",
        "type": "github"
      },
      "original": {
        "owner": "NixOS",
        "ref": "nixpkgs-unstable",
        "repo": "nixpkgs",
        "type": "github"
      }
    },
    "root": {
      "inputs": {
        "nixpkgs": "nixpkgs",
        "zmk-nix": "zmk-nix"
      }
    },
    "zmk-nix": {
      "inputs": {
        "nixpkgs": [
          "nixpkgs"
        ]
      },
      "locked": {
        "lastModified": 1787445183,
        "narHash": "sha256-3/NmAW5NUsbK4d83tYF9rE9+V6YbG8Q1QVKqFv0DzK4=",
        "owner": "lilyinstarlight",
        "repo": "zmk-nix",
        "rev": "d8d9f969079cf041a64cb6e9ba3072b7f3a385de",
        "type": "github"
      },
      "original": {
        "owner": "lilyinstarlight",
        "repo": "zmk-nix",
        "type": "github"
      }
    }
  },
  "root": "root",
  "version": 7
}
